Microsoft Visual Studio Solution File, Format Version 8.00
Project("{8BC9CEB8-8B4A-11D0-8D11-00A0C91BC942}") = "BoundRect", "BoundRect.vcproj", "{B731CAA8-BB1C-44BD-BA5E-51032112D0AD}"
	ProjectSection(ProjectDependencies) = postProject
	EndProjectSection
EndProject
Global
	GlobalSection(SolutionConfiguration) = preSolution
		Debug = Debug
		Release = Release
	EndGlobalSection
	GlobalSection(ProjectConfiguration) = postSolution
		{B731CAA8-BB1C-44BD-BA5E-51032112D0AD}.Debug.ActiveCfg = Debug|Win32
		{B731CAA8-BB1C-44BD-BA5E-51032112D0AD}.Debug.Build.0 = Debug|Win32
		{B731CAA8-BB1C-44BD-BA5E-51032112D0AD}.Release.ActiveCfg = Release|Win32
		{B731CAA8-BB1C-44BD-BA5E-51032112D0AD}.Release.Build.0 = Release|Win32
	EndGlobalSection
	GlobalSection(ExtensibilityGlobals) = postSolution
	EndGlobalSection
	GlobalSection(ExtensibilityAddIns) = postSolution
	EndGlobalSection
EndGlobal
